
Microsoft Visual Studio Solution File, Format Version 12.00
# Visual Studio Version 16
VisualStudioVersion = 16.0.29001.49
MinimumVisualStudioVersion = 10.0.40219.1
Project("{FAE04EC0-301F-11D3-BF4B-00C04F79EFBC}") = "NetCoreTestService", "NetCoreTestService.csproj", "{074D0DF5-BF0F-4005-A336-ABDD321C2010}"
EndProject
Global
	GlobalSection(SolutionConfigurationPlatforms) = preSolution
		Debug|Any CPU = Debug|Any CPU
		Release|Any CPU = Release|Any CPU
	EndGlobalSection
	GlobalSection(ProjectConfigurationPlatforms) = postSolution
		{074D0DF5-BF0F-4005-A336-ABDD321C2010}.Debug|Any CPU.ActiveCfg = Debug|Any CPU
		{074D0DF5-BF0F-4005-A336-ABDD321C2010}.Debug|Any CPU.Build.0 = Debug|Any CPU
		{074D0DF5-BF0F-4005-A336-ABDD321C2010}.Release|Any CPU.ActiveCfg = Release|Any CPU
		{074D0DF5-BF0F-4005-A336-ABDD321C2010}.Release|Any CPU.Build.0 = Release|Any CPU
	EndGlobalSection
	GlobalSection(SolutionProperties) = preSolution
		HideSolutionNode = FALSE
	EndGlobalSection
	GlobalSection(ExtensibilityGlobals) = postSolution
		SolutionGuid = {54821918-FA6A-4223-BA41-A83C64784119}
	EndGlobalSection
EndGlobal
